
Microsoft Visual Studio Solution File, Format Version 12.00
# Visual Studio 15
VisualStudioVersion = 15.0.28307.102
MinimumVisualStudioVersion = 10.0.40219.1
Project("{FAE04EC0-301F-11D3-BF4B-00C04F79EFBC}") = "NewebPay", "NewebPay\NewebPay.csproj", "{BA66B8FA-1443-4651-B456-A0843F1B444D}"
EndProject
Global
	GlobalSection(SolutionConfigurationPlatforms) = preSolution
		Debug|Any CPU = Debug|Any CPU
		Release|Any CPU = Release|Any CPU
	EndGlobalSection
	GlobalSection(ProjectConfigurationPlatforms) = postSolution
		{BA66B8FA-1443-4651-B456-A0843F1B444D}.Debug|Any CPU.ActiveCfg = Debug|Any CPU
		{BA66B8FA-1443-4651-B456-A0843F1B444D}.Debug|Any CPU.Build.0 = Debug|Any CPU
		{BA66B8FA-1443-4651-B456-A0843F1B444D}.Release|Any CPU.ActiveCfg = Release|Any CPU
		{BA66B8FA-1443-4651-B456-A0843F1B444D}.Release|Any CPU.Build.0 = Release|Any CPU
	EndGlobalSection
	GlobalSection(SolutionProperties) = preSolution
		HideSolutionNode = FALSE
	EndGlobalSection
	GlobalSection(ExtensibilityGlobals) = postSolution
		SolutionGuid = {406677D8-22B9-4E39-A26F-C50725A51260}
	EndGlobalSection
EndGlobal
