
Microsoft Visual Studio Solution File, Format Version 12.00
# Visual Studio 15
VisualStudioVersion = 15.0.28307.102
MinimumVisualStudioVersion = 10.0.40219.1
Project("{FAE04EC0-301F-11D3-BF4B-00C04F79EFBC}") = "ECPay", "ECPay\ECPay.csproj", "{2EAE666C-C862-410A-8E10-5C1D1AB59325}"
EndProject
Project("{FAE04EC0-301F-11D3-BF4B-00C04F79EFBC}") = "ECPay.Payment.Integration", "ECPay.Payment.Integration\ECPay.Payment.Integration.csproj", "{0CEE4CD3-4943-4261-A011-83AA3C8540E2}"
EndProject
Global
	GlobalSection(SolutionConfigurationPlatforms) = preSolution
		Debug|Any CPU = Debug|Any CPU
		Release|Any CPU = Release|Any CPU
	EndGlobalSection
	GlobalSection(ProjectConfigurationPlatforms) = postSolution
		{2EAE666C-C862-410A-8E10-5C1D1AB59325}.Debug|Any CPU.ActiveCfg = Debug|Any CPU
		{2EAE666C-C862-410A-8E10-5C1D1AB59325}.Debug|Any CPU.Build.0 = Debug|Any CPU
		{2EAE666C-C862-410A-8E10-5C1D1AB59325}.Release|Any CPU.ActiveCfg = Release|Any CPU
		{2EAE666C-C862-410A-8E10-5C1D1AB59325}.Release|Any CPU.Build.0 = Release|Any CPU
		{0CEE4CD3-4943-4261-A011-83AA3C8540E2}.Debug|Any CPU.ActiveCfg = Debug|Any CPU
		{0CEE4CD3-4943-4261-A011-83AA3C8540E2}.Debug|Any CPU.Build.0 = Debug|Any CPU
		{0CEE4CD3-4943-4261-A011-83AA3C8540E2}.Release|Any CPU.ActiveCfg = Release|Any CPU
		{0CEE4CD3-4943-4261-A011-83AA3C8540E2}.Release|Any CPU.Build.0 = Release|Any CPU
	EndGlobalSection
	GlobalSection(SolutionProperties) = preSolution
		HideSolutionNode = FALSE
	EndGlobalSection
	GlobalSection(ExtensibilityGlobals) = postSolution
		SolutionGuid = {0ADEBE61-7D38-40A7-ACBC-184BB3FF32F1}
	EndGlobalSection
EndGlobal
